{
  "name": "p-touch-test",
  "version": "1.0.0",
  "lockfileVersion": 1,
  "requires": true,
  "dependencies": {
    "node-ptouch": {
      "version": "0.0.4",
      "resolved": "https://registry.npmjs.org/node-ptouch/-/node-ptouch-0.0.4.tgz",
      "integrity": "sha512-jaAL1pXXMaDZ2V/3J6m5VYHmyJpYFpPnqMd56W3Yz8hK+I0WTBzs3DGGFbGYkgU+am6ZnWdzlP9eRDG9xAtRNg=="
    },
    "ptouch": {
      "version": "0.0.0",
      "resolved": "https://registry.npmjs.org/ptouch/-/ptouch-0.0.0.tgz",
      "integrity": "sha512-RgP38P3FrZHSkN5+hNm6bV2be6iETPmHB3I3WypSyq1soKtbGmghZmdmC4A1qlhj64TeGUiN2QKjDGAh2e63qg=="
    },
    "ptouch-cli": {
      "version": "0.0.1",
      "resolved": "https://registry.npmjs.org/ptouch-cli/-/ptouch-cli-0.0.1.tgz",
      "integrity": "sha512-FM6fzMycs4mhijAVRYabBSE6sIWuB+/Qw52l/308Uy8AmtFWcSKkxz12igDHUn8aM28KZwN0/iQ2on8oJcqqGQ=="
    }
  }
}
